
Microsoft Visual Studio Solution File, Format Version 12.00
# Visual Studio 15
VisualStudioVersion = 15.0.27703.2042
MinimumVisualStudioVersion = 10.0.40219.1
Project("{FAE04EC0-301F-11D3-BF4B-00C04F79EFBC}") = "TennisTest", "TennisKata\TennisTest.csproj", "{5AABFFF7-71D7-40BA-B86D-0DE6DAB8D87A}"
EndProject
Project("{FAE04EC0-301F-11D3-BF4B-00C04F79EFBC}") = "Tennis", "Tennis\Tennis.csproj", "{2FAA4937-47C2-4EA2-954E-1BE57FAC3881}"
EndProject
Global
	GlobalSection(SolutionConfigurationPlatforms) = preSolution
		Debug|Any CPU = Debug|Any CPU
		Release|Any CPU = Release|Any CPU
	EndGlobalSection
	GlobalSection(ProjectConfigurationPlatforms) = postSolution
		{5AABFFF7-71D7-40BA-B86D-0DE6DAB8D87A}.Debug|Any CPU.ActiveCfg = Debug|Any CPU
		{5AABFFF7-71D7-40BA-B86D-0DE6DAB8D87A}.Debug|Any CPU.Build.0 = Debug|Any CPU
		{5AABFFF7-71D7-40BA-B86D-0DE6DAB8D87A}.Release|Any CPU.ActiveCfg = Release|Any CPU
		{5AABFFF7-71D7-40BA-B86D-0DE6DAB8D87A}.Release|Any CPU.Build.0 = Release|Any CPU
		{2FAA4937-47C2-4EA2-954E-1BE57FAC3881}.Debug|Any CPU.ActiveCfg = Debug|Any CPU
		{2FAA4937-47C2-4EA2-954E-1BE57FAC3881}.Debug|Any CPU.Build.0 = Debug|Any CPU
		{2FAA4937-47C2-4EA2-954E-1BE57FAC3881}.Release|Any CPU.ActiveCfg = Release|Any CPU
		{2FAA4937-47C2-4EA2-954E-1BE57FAC3881}.Release|Any CPU.Build.0 = Release|Any CPU
	EndGlobalSection
	GlobalSection(SolutionProperties) = preSolution
		HideSolutionNode = FALSE
	EndGlobalSection
	GlobalSection(ExtensibilityGlobals) = postSolution
		SolutionGuid = {B850777D-098A-47E7-99DC-43B4D7C6621A}
	EndGlobalSection
EndGlobal
